
Microsoft Visual Studio Solution File, Format Version 12.00
Project("{FAE04EC0-301F-11D3-BF4B-00C04F79EFBC}") = "AsynchronousSocketTcpServer", "AsynchronousSocketTcpServer\AsynchronousSocketTcpServer.csproj", "{6ED5AB23-CB83-4CF3-91CA-7113A8D0B816}"
EndProject
Project("{FAE04EC0-301F-11D3-BF4B-00C04F79EFBC}") = "AsynchronousSocketTcpClient", "AsynchronousSocketTcpClient\AsynchronousSocketTcpClient.csproj", "{EC207B7B-5FD4-4606-814A-153338BAB781}"
EndProject
Project("{FAE04EC0-301F-11D3-BF4B-00C04F79EFBC}") = "HttpClientExample", "HttpClientExample\HttpClientExample.csproj", "{68BE2F29-05C6-4A60-87AB-A47B3C89536E}"
EndProject
Project("{FAE04EC0-301F-11D3-BF4B-00C04F79EFBC}") = "FileDownloader", "FileDownloader\FileDownloader.csproj", "{4BBD14E4-4273-475B-8CEC-9BA58B328B0F}"
EndProject
Project("{FAE04EC0-301F-11D3-BF4B-00C04F79EFBC}") = "MinimalWebApi", "MinimalWebApi\MinimalWebApi.csproj", "{898ADAD8-D60C-4E84-BA42-380C00E13A48}"
EndProject
Project("{FAE04EC0-301F-11D3-BF4B-00C04F79EFBC}") = "HttpApiClient", "HttpApiClient\HttpApiClient.csproj", "{BAF58984-7556-4994-9ED0-7496D7A958D2}"
EndProject
Project("{FAE04EC0-301F-11D3-BF4B-00C04F79EFBC}") = "JobTelegramBot", "JobTelegramBot\JobTelegramBot.csproj", "{B6061878-0BA7-4F28-9D48-B7699D176ACE}"
EndProject
Project("{FAE04EC0-301F-11D3-BF4B-00C04F79EFBC}") = "HeadhunterWebApi", "HeadhunterWebApi\HeadhunterWebApi.csproj", "{8ACAB64C-1162-4213-A5DB-83653006DE48}"
EndProject
Project("{FAE04EC0-301F-11D3-BF4B-00C04F79EFBC}") = "SynchronousSocketServer", "SynchronousSocketServer\SynchronousSocketServer.csproj", "{C81FFE52-13F3-4442-8732-34EE85DF0AA6}"
EndProject
Project("{FAE04EC0-301F-11D3-BF4B-00C04F79EFBC}") = "SynchronousSocketClient", "SynchronousSocketClient\SynchronousSocketClient.csproj", "{C1F14D3C-78B4-429A-BE74-EA479CE892DF}"
EndProject
Project("{FAE04EC0-301F-11D3-BF4B-00C04F79EFBC}") = "ChatTOP", "ChatTOP\ChatTOP.csproj", "{4CDD38B8-C9BF-4724-805C-FB8B79E0EDED}"
EndProject
Project("{FAE04EC0-301F-11D3-BF4B-00C04F79EFBC}") = "ChatTOP.Test", "ChatTOP.Test\ChatTOP.Test.csproj", "{B649065B-8F82-45F3-937A-9E1EC3C4B1A9}"
EndProject
Project("{2150E333-8FDC-42A3-9474-1A3956D46DE8}") = "messenger", "messenger", "{ECC7A430-E0F2-4289-B0A6-C7AA12AEC9C1}"
EndProject
Project("{FAE04EC0-301F-11D3-BF4B-00C04F79EFBC}") = "SignalRMessenger.WPFClientMVVM", "chat\SignalRMessenger.WPFClientMVVM\SignalRMessenger.WPFClientMVVM.csproj", "{CD5571D0-2196-4B95-9829-4F0C34E82132}"
EndProject
Project("{FAE04EC0-301F-11D3-BF4B-00C04F79EFBC}") = "SignalRMessenger.Server", "chat\SignalRMessenger.Server\SignalRMessenger.Server.csproj", "{6D0B878F-B463-4349-B25C-D5C4CD3DC460}"
EndProject
Global
	GlobalSection(SolutionConfigurationPlatforms) = preSolution
		Debug|Any CPU = Debug|Any CPU
		Release|Any CPU = Release|Any CPU
	EndGlobalSection
	GlobalSection(ProjectConfigurationPlatforms) = postSolution
		{6ED5AB23-CB83-4CF3-91CA-7113A8D0B816}.Debug|Any CPU.ActiveCfg = Debug|Any CPU
		{6ED5AB23-CB83-4CF3-91CA-7113A8D0B816}.Debug|Any CPU.Build.0 = Debug|Any CPU
		{6ED5AB23-CB83-4CF3-91CA-7113A8D0B816}.Release|Any CPU.ActiveCfg = Release|Any CPU
		{6ED5AB23-CB83-4CF3-91CA-7113A8D0B816}.Release|Any CPU.Build.0 = Release|Any CPU
		{EC207B7B-5FD4-4606-814A-153338BAB781}.Debug|Any CPU.ActiveCfg = Debug|Any CPU
		{EC207B7B-5FD4-4606-814A-153338BAB781}.Debug|Any CPU.Build.0 = Debug|Any CPU
		{EC207B7B-5FD4-4606-814A-153338BAB781}.Release|Any CPU.ActiveCfg = Release|Any CPU
		{EC207B7B-5FD4-4606-814A-153338BAB781}.Release|Any CPU.Build.0 = Release|Any CPU
		{68BE2F29-05C6-4A60-87AB-A47B3C89536E}.Debug|Any CPU.ActiveCfg = Debug|Any CPU
		{68BE2F29-05C6-4A60-87AB-A47B3C89536E}.Debug|Any CPU.Build.0 = Debug|Any CPU
		{68BE2F29-05C6-4A60-87AB-A47B3C89536E}.Release|Any CPU.ActiveCfg = Release|Any CPU
		{68BE2F29-05C6-4A60-87AB-A47B3C89536E}.Release|Any CPU.Build.0 = Release|Any CPU
		{4BBD14E4-4273-475B-8CEC-9BA58B328B0F}.Debug|Any CPU.ActiveCfg = Debug|Any CPU
		{4BBD14E4-4273-475B-8CEC-9BA58B328B0F}.Debug|Any CPU.Build.0 = Debug|Any CPU
		{4BBD14E4-4273-475B-8CEC-9BA58B328B0F}.Release|Any CPU.ActiveCfg = Release|Any CPU
		{4BBD14E4-4273-475B-8CEC-9BA58B328B0F}.Release|Any CPU.Build.0 = Release|Any CPU
		{898ADAD8-D60C-4E84-BA42-380C00E13A48}.Debug|Any CPU.ActiveCfg = Debug|Any CPU
		{898ADAD8-D60C-4E84-BA42-380C00E13A48}.Debug|Any CPU.Build.0 = Debug|Any CPU
		{898ADAD8-D60C-4E84-BA42-380C00E13A48}.Release|Any CPU.ActiveCfg = Release|Any CPU
		{898ADAD8-D60C-4E84-BA42-380C00E13A48}.Release|Any CPU.Build.0 = Release|Any CPU
		{BAF58984-7556-4994-9ED0-7496D7A958D2}.Debug|Any CPU.ActiveCfg = Debug|Any CPU
		{BAF58984-7556-4994-9ED0-7496D7A958D2}.Debug|Any CPU.Build.0 = Debug|Any CPU
		{BAF58984-7556-4994-9ED0-7496D7A958D2}.Release|Any CPU.ActiveCfg = Release|Any CPU
		{BAF58984-7556-4994-9ED0-7496D7A958D2}.Release|Any CPU.Build.0 = Release|Any CPU
		{B6061878-0BA7-4F28-9D48-B7699D176ACE}.Debug|Any CPU.ActiveCfg = Debug|Any CPU
		{B6061878-0BA7-4F28-9D48-B7699D176ACE}.Debug|Any CPU.Build.0 = Debug|Any CPU
		{B6061878-0BA7-4F28-9D48-B7699D176ACE}.Release|Any CPU.ActiveCfg = Release|Any CPU
		{B6061878-0BA7-4F28-9D48-B7699D176ACE}.Release|Any CPU.Build.0 = Release|Any CPU
		{8ACAB64C-1162-4213-A5DB-83653006DE48}.Debug|Any CPU.ActiveCfg = Debug|Any CPU
		{8ACAB64C-1162-4213-A5DB-83653006DE48}.Debug|Any CPU.Build.0 = Debug|Any CPU
		{8ACAB64C-1162-4213-A5DB-83653006DE48}.Release|Any CPU.ActiveCfg = Release|Any CPU
		{8ACAB64C-1162-4213-A5DB-83653006DE48}.Release|Any CPU.Build.0 = Release|Any CPU
		{C81FFE52-13F3-4442-8732-34EE85DF0AA6}.Debug|Any CPU.ActiveCfg = Debug|Any CPU
		{C81FFE52-13F3-4442-8732-34EE85DF0AA6}.Debug|Any CPU.Build.0 = Debug|Any CPU
		{C81FFE52-13F3-4442-8732-34EE85DF0AA6}.Release|Any CPU.ActiveCfg = Release|Any CPU
		{C81FFE52-13F3-4442-8732-34EE85DF0AA6}.Release|Any CPU.Build.0 = Release|Any CPU
		{C1F14D3C-78B4-429A-BE74-EA479CE892DF}.Debug|Any CPU.ActiveCfg = Debug|Any CPU
		{C1F14D3C-78B4-429A-BE74-EA479CE892DF}.Debug|Any CPU.Build.0 = Debug|Any CPU
		{C1F14D3C-78B4-429A-BE74-EA479CE892DF}.Release|Any CPU.ActiveCfg = Release|Any CPU
		{C1F14D3C-78B4-429A-BE74-EA479CE892DF}.Release|Any CPU.Build.0 = Release|Any CPU
		{4CDD38B8-C9BF-4724-805C-FB8B79E0EDED}.Debug|Any CPU.ActiveCfg = Debug|Any CPU
		{4CDD38B8-C9BF-4724-805C-FB8B79E0EDED}.Debug|Any CPU.Build.0 = Debug|Any CPU
		{4CDD38B8-C9BF-4724-805C-FB8B79E0EDED}.Release|Any CPU.ActiveCfg = Release|Any CPU
		{4CDD38B8-C9BF-4724-805C-FB8B79E0EDED}.Release|Any CPU.Build.0 = Release|Any CPU
		{B649065B-8F82-45F3-937A-9E1EC3C4B1A9}.Debug|Any CPU.ActiveCfg = Debug|Any CPU
		{B649065B-8F82-45F3-937A-9E1EC3C4B1A9}.Debug|Any CPU.Build.0 = Debug|Any CPU
		{B649065B-8F82-45F3-937A-9E1EC3C4B1A9}.Release|Any CPU.ActiveCfg = Release|Any CPU
		{B649065B-8F82-45F3-937A-9E1EC3C4B1A9}.Release|Any CPU.Build.0 = Release|Any CPU
		{CD5571D0-2196-4B95-9829-4F0C34E82132}.Debug|Any CPU.ActiveCfg = Debug|Any CPU
		{CD5571D0-2196-4B95-9829-4F0C34E82132}.Debug|Any CPU.Build.0 = Debug|Any CPU
		{CD5571D0-2196-4B95-9829-4F0C34E82132}.Release|Any CPU.ActiveCfg = Release|Any CPU
		{CD5571D0-2196-4B95-9829-4F0C34E82132}.Release|Any CPU.Build.0 = Release|Any CPU
		{6D0B878F-B463-4349-B25C-D5C4CD3DC460}.Debug|Any CPU.ActiveCfg = Debug|Any CPU
		{6D0B878F-B463-4349-B25C-D5C4CD3DC460}.Debug|Any CPU.Build.0 = Debug|Any CPU
		{6D0B878F-B463-4349-B25C-D5C4CD3DC460}.Release|Any CPU.ActiveCfg = Release|Any CPU
		{6D0B878F-B463-4349-B25C-D5C4CD3DC460}.Release|Any CPU.Build.0 = Release|Any CPU
	EndGlobalSection
	GlobalSection(NestedProjects) = preSolution
		{CD5571D0-2196-4B95-9829-4F0C34E82132} = {ECC7A430-E0F2-4289-B0A6-C7AA12AEC9C1}
		{6D0B878F-B463-4349-B25C-D5C4CD3DC460} = {ECC7A430-E0F2-4289-B0A6-C7AA12AEC9C1}
	EndGlobalSection
EndGlobal
